// !$*UTF8*$!
{
	archiveVersion = 1;
	classes = {
	};
	objectVersion = 46;
	objects = {

/* Begin PBXBuildFile section */
		224AD9F41A7C4DF700444F34 /* main.m in Sources */ = {isa = PBXBuildFile; fileRef = 224AD9F31A7C4DF700444F34 /* main.m */; };
		224AD9F71A7C4DF700444F34 /* AppDelegate.m in Sources */ = {isa = PBXBuildFile; fileRef = 224AD9F61A7C4DF700444F34 /* AppDelegate.m */; };
		224AD9FA1A7C4DF700444F34 /* ViewController.m in Sources */ = {isa = PBXBuildFile; fileRef = 224AD9F91A7C4DF700444F34 /* ViewController.m */; };
		224AD9FD1A7C4DF700444F34 /* Main.storyboard in Resources */ = {isa = PBXBuildFile; fileRef = 224AD9FB1A7C4DF700444F34 /* Main.storyboard */; };
		224AD9FF1A7C4DF700444F34 /* Images.xcassets in Resources */ = {isa = PBXBuildFile; fileRef = 224AD9FE1A7C4DF700444F34 /* Images.xcassets */; };
		224ADA021A7C4DF700444F34 /* LaunchScreen.xib in Resources */ = {isa = PBXBuildFile; fileRef = 224ADA001A7C4DF700444F34 /* LaunchScreen.xib */; };
		224ADA0E1A7C4DF800444F34 /* KVODemoObjectiveCTests.m in Sources */ = {isa = PBXBuildFile; fileRef = 224ADA0D1A7C4DF800444F34 /* KVODemoObjectiveCTests.m */; };
		224ADA191A7D86D500444F34 /* Children.m in Sources */ = {isa = PBXBuildFile; fileRef = 224ADA181A7D86D500444F34 /* Children.m */; };
/* End PBXBuildFile section */

/* Begin PBXContainerItemProxy section */
		224ADA081A7C4DF800444F34 /* PBXContainerItemProxy */ = {
			isa = PBXContainerItemProxy;
			containerPortal = 224AD9E61A7C4DF700444F34 /* Project object */;
			proxyType = 1;
			remoteGlobalIDString = 224AD9ED1A7C4DF700444F34;
			remoteInfo = KVODemoObjectiveC;
		};
/* End PBXContainerItemProxy section */

/* Begin PBXFileReference section */
		224AD9EE1A7C4DF700444F34 /* KVODemoObjectiveC.app */ = {isa = PBXFileReference; explicitFileType = wrapper.application; includeInIndex = 0; path = KVODemoObjectiveC.app; sourceTree = BUILT_PRODUCTS_DIR; };
		224AD9F21A7C4DF700444F34 /* Info.plist */ = {isa = PBXFileReference; lastKnownFileType = text.plist.xml; path = Info.plist; sourceTree = "<group>"; };
		224AD9F31A7C4DF700444F34 /* main.m */ = {isa = PBXFileReference; lastKnownFileType = sourcecode.c.objc; path = main.m; sourceTree = "<group>"; };
		224AD9F51A7C4DF700444F34 /* AppDelegate.h */ = {isa = PBXFileReference; lastKnownFileType = sourcecode.c.h; path = AppDelegate.h; sourceTree = "<group>"; };
		224AD9F61A7C4DF700444F34 /* AppDelegate.m */ = {isa = PBXFileReference; lastKnownFileType = sourcecode.c.objc; path = AppDelegate.m; sourceTree = "<group>"; };
		224AD9F81A7C4DF700444F34 /* ViewController.h */ = {isa = PBXFileReference; lastKnownFileType = sourcecode.c.h; path = ViewController.h; sourceTree = "<group>"; };
		224AD9F91A7C4DF700444F34 /* ViewController.m */ = {isa = PBXFileReference; lastKnownFileType = sourcecode.c.objc; path = ViewController.m; sourceTree = "<group>"; };
		224AD9FC1A7C4DF700444F34 /* Base */ = {isa = PBXFileReference; lastKnownFileType = file.storyboard; name = Base; path = Base.lproj/Main.storyboard; sourceTree = "<group>"; };
		224AD9FE1A7C4DF700444F34 /* Images.xcassets */ = {isa = PBXFileReference; lastKnownFileType = folder.assetcatalog; path = Images.xcassets; sourceTree = "<group>"; };
		224ADA011A7C4DF700444F34 /* Base */ = {isa = PBXFileReference; lastKnownFileType = file.xib; name = Base; path = Base.lproj/LaunchScreen.xib; sourceTree = "<group>"; };
		224ADA071A7C4DF800444F34 /* KVODemoObjectiveCTests.xctest */ = {isa = PBXFileReference; explicitFileType = wrapper.cfbundle; includeInIndex = 0; path = KVODemoObjectiveCTests.xctest; sourceTree = BUILT_PRODUCTS_DIR; };
		224ADA0C1A7C4DF800444F34 /* Info.plist */ = {isa = PBXFileReference; lastKnownFileType = text.plist.xml; path = Info.plist; sourceTree = "<group>"; };
		224ADA0D1A7C4DF800444F34 /* KVODemoObjectiveCTests.m */ = {isa = PBXFileReference; lastKnownFileType = sourcecode.c.objc; path = KVODemoObjectiveCTests.m; sourceTree = "<group>"; };
		224ADA171A7D86D500444F34 /* Children.h */ = {isa = PBXFileReference; fileEncoding = 4; lastKnownFileType = sourcecode.c.h; path = Children.h; sourceTree = "<group>"; };
		224ADA181A7D86D500444F34 /* Children.m */ = {isa = PBXFileReference; fileEncoding = 4; lastKnownFileType = sourcecode.c.objc; path = Children.m; sourceTree = "<group>"; };
/* End PBXFileReference section */

/* Begin PBXFrameworksBuildPhase section */
		224AD9EB1A7C4DF700444F34 /* Frameworks */ = {
			isa = PBXFrameworksBuildPhase;
			buildActionMask = 2147483647;
			files = (
			);
			runOnlyForDeploymentPostprocessing = 0;
		};
		224ADA041A7C4DF800444F34 /* Frameworks */ = {
			isa = PBXFrameworksBuildPhase;
			buildActionMask = 2147483647;
			files = (
			);
			runOnlyForDeploymentPostprocessing = 0;
		};
/* End PBXFrameworksBuildPhase section */

/* Begin PBXGroup section */
		224AD9E51A7C4DF700444F34 = {
			isa = PBXGroup;
			children = (
				224ADA171A7D86D500444F34 /* Children.h */,
				224ADA181A7D86D500444F34 /* Children.m */,
				224AD9F01A7C4DF700444F34 /* KVODemoObjectiveC */,
				224ADA0A1A7C4DF800444F34 /* KVODemoObjectiveCTests */,
				224AD9EF1A7C4DF700444F34 /* Products */,
			);
			sourceTree = "<group>";
		};
		224AD9EF1A7C4DF700444F34 /* Products */ = {
			isa = PBXGroup;
			children = (
				224AD9EE1A7C4DF700444F34 /* KVODemoObjectiveC.app */,
				224ADA071A7C4DF800444F34 /* KVODemoObjectiveCTests.xctest */,
			);
			name = Products;
			sourceTree = "<group>";
		};
		224AD9F01A7C4DF700444F34 /* KVODemoObjectiveC */ = {
			isa = PBXGroup;
			children = (
				224AD9F51A7C4DF700444F34 /* AppDelegate.h */,
				224AD9F61A7C4DF700444F34 /* AppDelegate.m */,
				224AD9F81A7C4DF700444F34 /* ViewController.h */,
				224AD9F91A7C4DF700444F34 /* ViewController.m */,
				224AD9FB1A7C4DF700444F34 /* Main.storyboard */,
				224AD9FE1A7C4DF700444F34 /* Images.xcassets */,
				224ADA001A7C4DF700444F34 /* LaunchScreen.xib */,
				224AD9F11A7C4DF700444F34 /* Supporting Files */,
			);
			path = KVODemoObjectiveC;
			sourceTree = "<group>";
		};
		224AD9F11A7C4DF700444F34 /* Supporting Files */ = {
			isa = PBXGroup;
			children = (
				224AD9F21A7C4DF700444F34 /* Info.plist */,
				224AD9F31A7C4DF700444F34 /* main.m */,
			);
			name = "Supporting Files";
			sourceTree = "<group>";
		};
		224ADA0A1A7C4DF800444F34 /* KVODemoObjectiveCTests */ = {
			isa = PBXGroup;
			children = (
				224ADA0D1A7C4DF800444F34 /* KVODemoObjectiveCTests.m */,
				224ADA0B1A7C4DF800444F34 /* Supporting Files */,
			);
			path = KVODemoObjectiveCTests;
			sourceTree = "<group>";
		};
		224ADA0B1A7C4DF800444F34 /* Supporting Files */ = {
			isa = PBXGroup;
			children = (
				224ADA0C1A7C4DF800444F34 /* Info.plist */,
			);
			name = "Supporting Files";
			sourceTree = "<group>";
		};
/* End PBXGroup section */

/* Begin PBXNativeTarget section */
		224AD9ED1A7C4DF700444F34 /* KVODemoObjectiveC */ = {
			isa = PBXNativeTarget;
			buildConfigurationList = 224ADA111A7C4DF800444F34 /* Build configuration list for PBXNativeTarget "KVODemoObjectiveC" */;
			buildPhases = (
				224AD9EA1A7C4DF700444F34 /* Sources */,
				224AD9EB1A7C4DF700444F34 /* Frameworks */,
				224AD9EC1A7C4DF700444F34 /* Resources */,
			);
			buildRules = (
			);
			dependencies = (
			);
			name = KVODemoObjectiveC;
			productName = KVODemoObjectiveC;
			productReference = 224AD9EE1A7C4DF700444F34 /* KVODemoObjectiveC.app */;
			productType = "com.apple.product-type.application";
		};
		224ADA061A7C4DF800444F34 /* KVODemoObjectiveCTests */ = {
			isa = PBXNativeTarget;
			buildConfigurationList = 224ADA141A7C4DF800444F34 /* Build configuration list for PBXNativeTarget "KVODemoObjectiveCTests" */;
			buildPhases = (
				224ADA031A7C4DF800444F34 /* Sources */,
				224ADA041A7C4DF800444F34 /* Frameworks */,
				224ADA051A7C4DF800444F34 /* Resources */,
			);
			buildRules = (
			);
			dependencies = (
				224ADA091A7C4DF800444F34 /* PBXTargetDependency */,
			);
			name = KVODemoObjectiveCTests;
			productName = KVODemoObjectiveCTests;
			productReference = 224ADA071A7C4DF800444F34 /* KVODemoObjectiveCTests.xctest */;
			productType = "com.apple.product-type.bundle.unit-test";
		};
/* End PBXNativeTarget section */

/* Begin PBXProject section */
		224AD9E61A7C4DF700444F34 /* Project object */ = {
			isa = PBXProject;
			attributes = {
				LastUpgradeCheck = 0610;
				ORGANIZATIONNAME = "Beyond 2021";
				TargetAttributes = {
					224AD9ED1A7C4DF700444F34 = {
						CreatedOnToolsVersion = 6.1;
					};
					224ADA061A7C4DF800444F34 = {
						CreatedOnToolsVersion = 6.1;
						TestTargetID = 224AD9ED1A7C4DF700444F34;
					};
				};
			};
			buildConfigurationList = 224AD9E91A7C4DF700444F34 /* Build configuration list for PBXProject "KVODemoObjectiveC" */;
			compatibilityVersion = "Xcode 3.2";
			developmentRegion = English;
			hasScannedForEncodings = 0;
			knownRegions = (
				en,
				Base,
			);
			mainGroup = 224AD9E51A7C4DF700444F34;
			productRefGroup = 224AD9EF1A7C4DF700444F34 /* Products */;
			projectDirPath = "";
			projectRoot = "";
			targets = (
				224AD9ED1A7C4DF700444F34 /* KVODemoObjectiveC */,
				224ADA061A7C4DF800444F34 /* KVODemoObjectiveCTests */,
			);
		};
/* End PBXProject section */

/* Begin PBXResourcesBuildPhase section */
		224AD9EC1A7C4DF700444F34 /* Resources */ = {
			isa = PBXResourcesBuildPhase;
			buildActionMask = 2147483647;
			files = (
				224AD9FD1A7C4DF700444F34 /* Main.storyboard in Resources */,
				224ADA021A7C4DF700444F34 /* LaunchScreen.xib in Resources */,
				224AD9FF1A7C4DF700444F34 /* Images.xcassets in Resources */,
			);
			runOnlyForDeploymentPostprocessing = 0;
		};
		224ADA051A7C4DF800444F34 /* Resources */ = {
			isa = PBXResourcesBuildPhase;
			buildActionMask = 2147483647;
			files = (
			);
			runOnlyForDeploymentPostprocessing = 0;
		};
/* End PBXResourcesBuildPhase section */

/* Begin PBXSourcesBuildPhase section */
		224AD9EA1A7C4DF700444F34 /* Sources */ = {
			isa = PBXSourcesBuildPhase;
			buildActionMask = 2147483647;
			files = (
				224AD9FA1A7C4DF700444F34 /* ViewController.m in Sources */,
				224AD9F71A7C4DF700444F34 /* AppDelegate.m in Sources */,
				224ADA191A7D86D500444F34 /* Children.m in Sources */,
				224AD9F41A7C4DF700444F34 /* main.m in Sources */,
			);
			runOnlyForDeploymentPostprocessing = 0;
		};
		224ADA031A7C4DF800444F34 /* Sources */ = {
			isa = PBXSourcesBuildPhase;
			buildActionMask = 2147483647;
			files = (
				224ADA0E1A7C4DF800444F34 /* KVODemoObjectiveCTests.m in Sources */,
			);
			runOnlyForDeploymentPostprocessing = 0;
		};
/* End PBXSourcesBuildPhase section */

/* Begin PBXTargetDependency section */
		224ADA091A7C4DF800444F34 /* PBXTargetDependency */ = {
			isa = PBXTargetDependency;
			target = 224AD9ED1A7C4DF700444F34 /* KVODemoObjectiveC */;
			targetProxy = 224ADA081A7C4DF800444F34 /* PBXContainerItemProxy */;
		};
/* End PBXTargetDependency section */

/* Begin PBXVariantGroup section */
		224AD9FB1A7C4DF700444F34 /* Main.storyboard */ = {
			isa = PBXVariantGroup;
			children = (
				224AD9FC1A7C4DF700444F34 /* Base */,
			);
			name = Main.storyboard;
			sourceTree = "<group>";
		};
		224ADA001A7C4DF700444F34 /* LaunchScreen.xib */ = {
			isa = PBXVariantGroup;
			children = (
				224ADA011A7C4DF700444F34 /* Base */,
			);
			name = LaunchScreen.xib;
			sourceTree = "<group>";
		};
/* End PBXVariantGroup section */

/* Begin XCBuildConfiguration section */
		224ADA0F1A7C4DF800444F34 /* Debug */ = {
			isa = XCBuildConfiguration;
			buildSettings = {
				ALWAYS_SEARCH_USER_PATHS = NO;
				CLANG_CXX_LANGUAGE_STANDARD = "gnu++0x";
				CLANG_CXX_LIBRARY = "libc++";
				CLANG_ENABLE_MODULES = YES;
				CLANG_ENABLE_OBJC_ARC = YES;
				CLANG_WARN_BOOL_CONVERSION = YES;
				CLANG_WARN_CONSTANT_CONVERSION = YES;
				CLANG_WARN_DIRECT_OBJC_ISA_USAGE = YES_ERROR;
				CLANG_WARN_EMPTY_BODY = YES;
				CLANG_WARN_ENUM_CONVERSION = YES;
				CLANG_WARN_INT_CONVERSION = YES;
				CLANG_WARN_OBJC_ROOT_CLASS = YES_ERROR;
				CLANG_WARN_UNREACHABLE_CODE = YES;
				CLANG_WARN__DUPLICATE_METHOD_MATCH = YES;
				"CODE_SIGN_IDENTITY[sdk=iphoneos*]" = "iPhone Developer";
				COPY_PHASE_STRIP = NO;
				ENABLE_STRICT_OBJC_MSGSEND = YES;
				GCC_C_LANGUAGE_STANDARD = gnu99;
				GCC_DYNAMIC_NO_PIC = NO;
				GCC_OPTIMIZATION_LEVEL = 0;
				GCC_PREPROCESSOR_DEFINITIONS = (
					"DEBUG=1",
					"$(inherited)",
				);
				GCC_SYMBOLS_PRIVATE_EXTERN = NO;
				GCC_WARN_64_TO_32_BIT_CONVERSION = YES;
				GCC_WARN_ABOUT_RETURN_TYPE = YES_ERROR;
				GCC_WARN_UNDECLARED_SELECTOR = YES;
				GCC_WARN_UNINITIALIZED_AUTOS = YES_AGGRESSIVE;
				GCC_WARN_UNUSED_FUNCTION = YES;
				GCC_WARN_UNUSED_VARIABLE = YES;
				IPHONEOS_DEPLOYMENT_TARGET = 8.1;
				MTL_ENABLE_DEBUG_INFO = YES;
				ONLY_ACTIVE_ARCH = YES;
				SDKROOT = iphoneos;
			};
			name = Debug;
		};
		224ADA101A7C4DF800444F34 /* Release */ = {
			isa = XCBuildConfiguration;
			buildSettings = {
				ALWAYS_SEARCH_USER_PATHS = NO;
				CLANG_CXX_LANGUAGE_STANDARD = "gnu++0x";
				CLANG_CXX_LIBRARY = "libc++";
				CLANG_ENABLE_MODULES = YES;
				CLANG_ENABLE_OBJC_ARC = YES;
				CLANG_WARN_BOOL_CONVERSION = YES;
				CLANG_WARN_CONSTANT_CONVERSION = YES;
				CLANG_WARN_DIRECT_OBJC_ISA_USAGE = YES_ERROR;
				CLANG_WARN_EMPTY_BODY = YES;
				CLANG_WARN_ENUM_CONVERSION = YES;
				CLANG_WARN_INT_CONVERSION = YES;
				CLANG_WARN_OBJC_ROOT_CLASS = YES_ERROR;
				CLANG_WARN_UNREACHABLE_CODE = YES;
				CLANG_WARN__DUPLICATE_METHOD_MATCH = YES;
				"CODE_SIGN_IDENTITY[sdk=iphoneos*]" = "iPhone Developer";
				COPY_PHASE_STRIP = YES;
				ENABLE_NS_ASSERTIONS = NO;
				ENABLE_STRICT_OBJC_MSGSEND = YES;
				GCC_C_LANGUAGE_STANDARD = gnu99;
				GCC_WARN_64_TO_32_BIT_CONVERSION = YES;
				GCC_WARN_ABOUT_RETURN_TYPE = YES_ERROR;
				GCC_WARN_UNDECLARED_SELECTOR = YES;
				GCC_WARN_UNINITIALIZED_AUTOS = YES_AGGRESSIVE;
				GCC_WARN_UNUSED_FUNCTION = YES;
				GCC_WARN_UNUSED_VARIABLE = YES;
				IPHONEOS_DEPLOYMENT_TARGET = 8.1;
				MTL_ENABLE_DEBUG_INFO = NO;
				SDKROOT = iphoneos;
				VALIDATE_PRODUCT = YES;
			};
			name = Release;
		};
		224ADA121A7C4DF800444F34 /* Debug */ = {
			isa = XCBuildConfiguration;
			buildSettings = {
				ASSETCATALOG_COMPILER_APPICON_NAME = AppIcon;
				INFOPLIST_FILE = KVODemoObjectiveC/Info.plist;
				LD_RUNPATH_SEARCH_PATHS = "$(inherited) @executable_path/Frameworks";
				PRODUCT_NAME = "$(TARGET_NAME)";
			};
			name = Debug;
		};
		224ADA131A7C4DF800444F34 /* Release */ = {
			isa = XCBuildConfiguration;
			buildSettings = {
				ASSETCATALOG_COMPILER_APPICON_NAME = AppIcon;
				INFOPLIST_FILE = KVODemoObjectiveC/Info.plist;
				LD_RUNPATH_SEARCH_PATHS = "$(inherited) @executable_path/Frameworks";
				PRODUCT_NAME = "$(TARGET_NAME)";
			};
			name = Release;
		};
		224ADA151A7C4DF800444F34 /* Debug */ = {
			isa = XCBuildConfiguration;
			buildSettings = {
				BUNDLE_LOADER = "$(TEST_HOST)";
				FRAMEWORK_SEARCH_PATHS = (
					"$(SDKROOT)/Developer/Library/Frameworks",
					"$(inherited)",
				);
				GCC_PREPROCESSOR_DEFINITIONS = (
					"DEBUG=1",
					"$(inherited)",
				);
				INFOPLIST_FILE = KVODemoObjectiveCTests/Info.plist;
				LD_RUNPATH_SEARCH_PATHS = "$(inherited) @executable_path/Frameworks @loader_path/Frameworks";
				PRODUCT_NAME = "$(TARGET_NAME)";
				TEST_HOST = "$(BUILT_PRODUCTS_DIR)/KVODemoObjectiveC.app/KVODemoObjectiveC";
			};
			name = Debug;
		};
		224ADA161A7C4DF800444F34 /* Release */ = {
			isa = XCBuildConfiguration;
			buildSettings = {
				BUNDLE_LOADER = "$(TEST_HOST)";
				FRAMEWORK_SEARCH_PATHS = (
					"$(SDKROOT)/Developer/Library/Frameworks",
					"$(inherited)",
				);
				INFOPLIST_FILE = KVODemoObjectiveCTests/Info.plist;
				LD_RUNPATH_SEARCH_PATHS = "$(inherited) @executable_path/Frameworks @loader_path/Frameworks";
				PRODUCT_NAME = "$(TARGET_NAME)";
				TEST_HOST = "$(BUILT_PRODUCTS_DIR)/KVODemoObjectiveC.app/KVODemoObjectiveC";
			};
			name = Release;
		};
/* End XCBuildConfiguration section */

/* Begin XCConfigurationList section */
		224AD9E91A7C4DF700444F34 /* Build configuration list for PBXProject "KVODemoObjectiveC" */ = {
			isa = XCConfigurationList;
			buildConfigurations = (
				224ADA0F1A7C4DF800444F34 /* Debug */,
				224ADA101A7C4DF800444F34 /* Release */,
			);
			defaultConfigurationIsVisible = 0;
			defaultConfigurationName = Release;
		};
		224ADA111A7C4DF800444F34 /* Build configuration list for PBXNativeTarget "KVODemoObjectiveC" */ = {
			isa = XCConfigurationList;
			buildConfigurations = (
				224ADA121A7C4DF800444F34 /* Debug */,
				224ADA131A7C4DF800444F34 /* Release */,
			);
			defaultConfigurationIsVisible = 0;
		};
		224ADA141A7C4DF800444F34 /* Build configuration list for PBXNativeTarget "KVODemoObjectiveCTests" */ = {
			isa = XCConfigurationList;
			buildConfigurations = (
				224ADA151A7C4DF800444F34 /* Debug */,
				224ADA161A7C4DF800444F34 /* Release */,
			);
			defaultConfigurationIsVisible = 0;
		};
/* End XCConfigurationList section */
	};
	rootObject = 224AD9E61A7C4DF700444F34 /* Project object */;
}
